
Microsoft Visual Studio Solution File, Format Version 12.00
# Visual Studio 15
VisualStudioVersion = 15.0.27703.2047
MinimumVisualStudioVersion = 10.0.40219.1
Project("{8BC9CEB8-8B4A-11D0-8D11-00A0C91BC942}") = "AmbientBackLighting", "AmbientBackLighting\AmbientBackLighting.vcxproj", "{409C287C-983A-47E2-85B8-B38DC1E39A9C}"
EndProject
Project("{8BC9CEB8-8B4A-11D0-8D11-00A0C91BC942}") = "AmbientBackLightingTest", "AmbientBackLightingTest\AmbientBackLightingTest.vcxproj", "{02E15F02-B30A-42F3-8D6B-89A6E383C9AE}"
EndProject
Project("{8BC9CEB8-8B4A-11D0-8D11-00A0C91BC942}") = "AmbientBackLightingLib", "AmbientBackLightingLib\AmbientBackLightingLib.vcxproj", "{4A6880D4-2518-4F28-B1A7-504A44391458}"
EndProject
Global
	GlobalSection(SolutionConfigurationPlatforms) = preSolution
		Debug|x64 = Debug|x64
		Debug|x86 = Debug|x86
		Release|x64 = Release|x64
		Release|x86 = Release|x86
	EndGlobalSection
	GlobalSection(ProjectConfigurationPlatforms) = postSolution
		{409C287C-983A-47E2-85B8-B38DC1E39A9C}.Debug|x64.ActiveCfg = Debug|x64
		{409C287C-983A-47E2-85B8-B38DC1E39A9C}.Debug|x64.Build.0 = Debug|x64
		{409C287C-983A-47E2-85B8-B38DC1E39A9C}.Debug|x86.ActiveCfg = Debug|Win32
		{409C287C-983A-47E2-85B8-B38DC1E39A9C}.Debug|x86.Build.0 = Debug|Win32
		{409C287C-983A-47E2-85B8-B38DC1E39A9C}.Release|x64.ActiveCfg = Release|x64
		{409C287C-983A-47E2-85B8-B38DC1E39A9C}.Release|x64.Build.0 = Release|x64
		{409C287C-983A-47E2-85B8-B38DC1E39A9C}.Release|x86.ActiveCfg = Release|Win32
		{409C287C-983A-47E2-85B8-B38DC1E39A9C}.Release|x86.Build.0 = Release|Win32
		{02E15F02-B30A-42F3-8D6B-89A6E383C9AE}.Debug|x64.ActiveCfg = Debug|x64
		{02E15F02-B30A-42F3-8D6B-89A6E383C9AE}.Debug|x64.Build.0 = Debug|x64
		{02E15F02-B30A-42F3-8D6B-89A6E383C9AE}.Debug|x86.ActiveCfg = Debug|Win32
		{02E15F02-B30A-42F3-8D6B-89A6E383C9AE}.Debug|x86.Build.0 = Debug|Win32
		{02E15F02-B30A-42F3-8D6B-89A6E383C9AE}.Release|x64.ActiveCfg = Release|x64
		{02E15F02-B30A-42F3-8D6B-89A6E383C9AE}.Release|x64.Build.0 = Release|x64
		{02E15F02-B30A-42F3-8D6B-89A6E383C9AE}.Release|x86.ActiveCfg = Release|Win32
		{02E15F02-B30A-42F3-8D6B-89A6E383C9AE}.Release|x86.Build.0 = Release|Win32
		{4A6880D4-2518-4F28-B1A7-504A44391458}.Debug|x64.ActiveCfg = Debug|x64
		{4A6880D4-2518-4F28-B1A7-504A44391458}.Debug|x64.Build.0 = Debug|x64
		{4A6880D4-2518-4F28-B1A7-504A44391458}.Debug|x86.ActiveCfg = Debug|Win32
		{4A6880D4-2518-4F28-B1A7-504A44391458}.Debug|x86.Build.0 = Debug|Win32
		{4A6880D4-2518-4F28-B1A7-504A44391458}.Release|x64.ActiveCfg = Release|x64
		{4A6880D4-2518-4F28-B1A7-504A44391458}.Release|x64.Build.0 = Release|x64
		{4A6880D4-2518-4F28-B1A7-504A44391458}.Release|x86.ActiveCfg = Release|Win32
		{4A6880D4-2518-4F28-B1A7-504A44391458}.Release|x86.Build.0 = Release|Win32
	EndGlobalSection
	GlobalSection(SolutionProperties) = preSolution
		HideSolutionNode = FALSE
	EndGlobalSection
	GlobalSection(ExtensibilityGlobals) = postSolution
		SolutionGuid = {7B31457B-C2FF-4F0A-8E5C-351EB0AB384B}
	EndGlobalSection
EndGlobal
